
Microsoft Visual Studio Solution File, Format Version 12.00
# Visual Studio Version 16
VisualStudioVersion = 16.0.31410.357
MinimumVisualStudioVersion = 10.0.40219.1
Project("{9A19103F-16F7-4668-BE54-9A1E7A4F7556}") = "FTurtle", "FTurtle\FTurtle.csproj", "{2E818F9D-4FB5-402B-95AF-E809AD01048D}"
EndProject
Project("{9A19103F-16F7-4668-BE54-9A1E7A4F7556}") = "FTurtleTests", "FTurtleTests\FTurtleTests.csproj", "{20C31130-2488-4AFA-A242-38E3E07AECC9}"
EndProject
Project("{2150E333-8FDC-42A3-9474-1A3956D46DE8}") = ".github", ".github", "{C41BBFC4-FF56-449C-A9D4-C435573A488C}"
EndProject
Project("{2150E333-8FDC-42A3-9474-1A3956D46DE8}") = "workflows", "workflows", "{F059DE88-7C39-4DF2-A235-42B82FC5D360}"
	ProjectSection(SolutionItems) = preProject
		dotnet.yml = dotnet.yml
	EndProjectSection
EndProject
Global
	GlobalSection(SolutionConfigurationPlatforms) = preSolution
		Debug|Any CPU = Debug|Any CPU
		Release|Any CPU = Release|Any CPU
	EndGlobalSection
	GlobalSection(ProjectConfigurationPlatforms) = postSolution
		{2E818F9D-4FB5-402B-95AF-E809AD01048D}.Debug|Any CPU.ActiveCfg = Debug|Any CPU
		{2E818F9D-4FB5-402B-95AF-E809AD01048D}.Debug|Any CPU.Build.0 = Debug|Any CPU
		{2E818F9D-4FB5-402B-95AF-E809AD01048D}.Release|Any CPU.ActiveCfg = Release|Any CPU
		{2E818F9D-4FB5-402B-95AF-E809AD01048D}.Release|Any CPU.Build.0 = Release|Any CPU
		{20C31130-2488-4AFA-A242-38E3E07AECC9}.Debug|Any CPU.ActiveCfg = Debug|Any CPU
		{20C31130-2488-4AFA-A242-38E3E07AECC9}.Debug|Any CPU.Build.0 = Debug|Any CPU
		{20C31130-2488-4AFA-A242-38E3E07AECC9}.Release|Any CPU.ActiveCfg = Release|Any CPU
		{20C31130-2488-4AFA-A242-38E3E07AECC9}.Release|Any CPU.Build.0 = Release|Any CPU
	EndGlobalSection
	GlobalSection(SolutionProperties) = preSolution
		HideSolutionNode = FALSE
	EndGlobalSection
	GlobalSection(NestedProjects) = preSolution
		{F059DE88-7C39-4DF2-A235-42B82FC5D360} = {C41BBFC4-FF56-449C-A9D4-C435573A488C}
	EndGlobalSection
	GlobalSection(ExtensibilityGlobals) = postSolution
		SolutionGuid = {13BD8448-2A99-4A96-B752-579E16341A6C}
	EndGlobalSection
EndGlobal
